
Microsoft Visual Studio Solution File, Format Version 12.00
# Visual Studio Version 16
VisualStudioVersion = 16.0.810.15
MinimumVisualStudioVersion = 10.0.40219.1
Project("{FAE04EC0-301F-11D3-BF4B-00C04F79EFBC}") = "AMAZEingGameV2", "AMAZEingGameV2\AMAZEingGameV2.csproj", "{A95DBE5A-810D-4168-97BD-237616EF6BC5}"
EndProject
Global
	GlobalSection(SolutionConfigurationPlatforms) = preSolution
		Debug|Any CPU = Debug|Any CPU
		Release|Any CPU = Release|Any CPU
	EndGlobalSection
	GlobalSection(ProjectConfigurationPlatforms) = postSolution
		{A95DBE5A-810D-4168-97BD-237616EF6BC5}.Debug|Any CPU.ActiveCfg = Debug|Any CPU
		{A95DBE5A-810D-4168-97BD-237616EF6BC5}.Debug|Any CPU.Build.0 = Debug|Any CPU
		{A95DBE5A-810D-4168-97BD-237616EF6BC5}.Release|Any CPU.ActiveCfg = Release|Any CPU
		{A95DBE5A-810D-4168-97BD-237616EF6BC5}.Release|Any CPU.Build.0 = Release|Any CPU
	EndGlobalSection
	GlobalSection(SolutionProperties) = preSolution
		HideSolutionNode = FALSE
	EndGlobalSection
	GlobalSection(ExtensibilityGlobals) = postSolution
		SolutionGuid = {530C6425-BACC-4493-BE46-9FBBDCA9C509}
	EndGlobalSection
EndGlobal
